
Microsoft Visual Studio Solution File, Format Version 12.00
# Visual Studio Version 17
VisualStudioVersion = 17.1.32210.238
MinimumVisualStudioVersion = 10.0.40219.1
Project("{FAE04EC0-301F-11D3-BF4B-00C04F79EFBC}") = "verifica", "verifica.csproj", "{8EB6177C-8C98-4664-95D3-F3C174EA28D2}"
EndProject
Global
	GlobalSection(SolutionConfigurationPlatforms) = preSolution
		Debug|Any CPU = Debug|Any CPU
		Release|Any CPU = Release|Any CPU
	EndGlobalSection
	GlobalSection(ProjectConfigurationPlatforms) = postSolution
		{8EB6177C-8C98-4664-95D3-F3C174EA28D2}.Debug|Any CPU.ActiveCfg = Debug|Any CPU
		{8EB6177C-8C98-4664-95D3-F3C174EA28D2}.Debug|Any CPU.Build.0 = Debug|Any CPU
		{8EB6177C-8C98-4664-95D3-F3C174EA28D2}.Release|Any CPU.ActiveCfg = Release|Any CPU
		{8EB6177C-8C98-4664-95D3-F3C174EA28D2}.Release|Any CPU.Build.0 = Release|Any CPU
	EndGlobalSection
	GlobalSection(SolutionProperties) = preSolution
		HideSolutionNode = FALSE
	EndGlobalSection
	GlobalSection(ExtensibilityGlobals) = postSolution
		SolutionGuid = {41CFD9DC-04D9-4D92-AD25-B741AA5C69C8}
	EndGlobalSection
EndGlobal
